
Microsoft Visual Studio Solution File, Format Version 12.00
# Visual Studio Version 17
VisualStudioVersion = 17.1.32414.318
MinimumVisualStudioVersion = 10.0.40219.1
Project("{FAE04EC0-301F-11D3-BF4B-00C04F79EFBC}") = "MethodExercise", "MethodExercise\MethodExercise.csproj", "{B8A427B6-2807-409B-ACAC-2F110FE40A87}"
EndProject
Global
	GlobalSection(SolutionConfigurationPlatforms) = preSolution
		Debug|Any CPU = Debug|Any CPU
		Release|Any CPU = Release|Any CPU
	EndGlobalSection
	GlobalSection(ProjectConfigurationPlatforms) = postSolution
		{B8A427B6-2807-409B-ACAC-2F110FE40A87}.Debug|Any CPU.ActiveCfg = Debug|Any CPU
		{B8A427B6-2807-409B-ACAC-2F110FE40A87}.Debug|Any CPU.Build.0 = Debug|Any CPU
		{B8A427B6-2807-409B-ACAC-2F110FE40A87}.Release|Any CPU.ActiveCfg = Release|Any CPU
		{B8A427B6-2807-409B-ACAC-2F110FE40A87}.Release|Any CPU.Build.0 = Release|Any CPU
	EndGlobalSection
	GlobalSection(SolutionProperties) = preSolution
		HideSolutionNode = FALSE
	EndGlobalSection
	GlobalSection(ExtensibilityGlobals) = postSolution
		SolutionGuid = {699223FE-44CE-4DCC-B28A-C0BCD5C01C54}
	EndGlobalSection
EndGlobal
