
Microsoft Visual Studio Solution File, Format Version 12.00
# Visual Studio Version 17
VisualStudioVersion = 17.1.32414.318
MinimumVisualStudioVersion = 10.0.40219.1
Project("{FAE04EC0-301F-11D3-BF4B-00C04F79EFBC}") = "MethodsExercise-0", "MethodsExercise-0\MethodsExercise-0.csproj", "{B12FEEE7-1BAF-4DFA-8D61-BF6080AEDDC6}"
EndProject
Global
	GlobalSection(SolutionConfigurationPlatforms) = preSolution
		Debug|Any CPU = Debug|Any CPU
		Release|Any CPU = Release|Any CPU
	EndGlobalSection
	GlobalSection(ProjectConfigurationPlatforms) = postSolution
		{B12FEEE7-1BAF-4DFA-8D61-BF6080AEDDC6}.Debug|Any CPU.ActiveCfg = Debug|Any CPU
		{B12FEEE7-1BAF-4DFA-8D61-BF6080AEDDC6}.Debug|Any CPU.Build.0 = Debug|Any CPU
		{B12FEEE7-1BAF-4DFA-8D61-BF6080AEDDC6}.Release|Any CPU.ActiveCfg = Release|Any CPU
		{B12FEEE7-1BAF-4DFA-8D61-BF6080AEDDC6}.Release|Any CPU.Build.0 = Release|Any CPU
	EndGlobalSection
	GlobalSection(SolutionProperties) = preSolution
		HideSolutionNode = FALSE
	EndGlobalSection
	GlobalSection(ExtensibilityGlobals) = postSolution
		SolutionGuid = {76667A34-A303-4835-9270-1F2BA92460B7}
	EndGlobalSection
EndGlobal
